
Microsoft Visual Studio Solution File, Format Version 12.00
# Visual Studio Version 17
VisualStudioVersion = 17.4.33205.214
MinimumVisualStudioVersion = 10.0.40219.1
Project("{FAE04EC0-301F-11D3-BF4B-00C04F79EFBC}") = "Rebar_Project", "Rebar_Project\Rebar_Project.csproj", "{13C3F2BB-5733-4258-9529-550402D50205}"
EndProject
Global
	GlobalSection(SolutionConfigurationPlatforms) = preSolution
		Debug|Any CPU = Debug|Any CPU
		Release|Any CPU = Release|Any CPU
	EndGlobalSection
	GlobalSection(ProjectConfigurationPlatforms) = postSolution
		{13C3F2BB-5733-4258-9529-550402D50205}.Debug|Any CPU.ActiveCfg = Debug|Any CPU
		{13C3F2BB-5733-4258-9529-550402D50205}.Debug|Any CPU.Build.0 = Debug|Any CPU
		{13C3F2BB-5733-4258-9529-550402D50205}.Release|Any CPU.ActiveCfg = Release|Any CPU
		{13C3F2BB-5733-4258-9529-550402D50205}.Release|Any CPU.Build.0 = Release|Any CPU
	EndGlobalSection
	GlobalSection(SolutionProperties) = preSolution
		HideSolutionNode = FALSE
	EndGlobalSection
	GlobalSection(ExtensibilityGlobals) = postSolution
		SolutionGuid = {E18DE4A7-B198-4945-9729-F82E47EA5836}
	EndGlobalSection
EndGlobal
