
Microsoft Visual Studio Solution File, Format Version 12.00
# Visual Studio Version 17
VisualStudioVersion = 17.4.33205.214
MinimumVisualStudioVersion = 10.0.40219.1
Project("{FAE04EC0-301F-11D3-BF4B-00C04F79EFBC}") = "Rebar_Prject1", "Rebar_Prject1\Rebar_Prject1.csproj", "{A351F0A3-215F-4604-B11F-06E1B91520D0}"
EndProject
Global
	GlobalSection(SolutionConfigurationPlatforms) = preSolution
		Debug|Any CPU = Debug|Any CPU
		Release|Any CPU = Release|Any CPU
	EndGlobalSection
	GlobalSection(ProjectConfigurationPlatforms) = postSolution
		{A351F0A3-215F-4604-B11F-06E1B91520D0}.Debug|Any CPU.ActiveCfg = Debug|Any CPU
		{A351F0A3-215F-4604-B11F-06E1B91520D0}.Debug|Any CPU.Build.0 = Debug|Any CPU
		{A351F0A3-215F-4604-B11F-06E1B91520D0}.Release|Any CPU.ActiveCfg = Release|Any CPU
		{A351F0A3-215F-4604-B11F-06E1B91520D0}.Release|Any CPU.Build.0 = Release|Any CPU
	EndGlobalSection
	GlobalSection(SolutionProperties) = preSolution
		HideSolutionNode = FALSE
	EndGlobalSection
	GlobalSection(ExtensibilityGlobals) = postSolution
		SolutionGuid = {EA8E99BA-B624-4A5D-BBAA-C225AACC4912}
	EndGlobalSection
EndGlobal
